
Microsoft Visual Studio Solution File, Format Version 12.00
# Visual Studio Version 17
VisualStudioVersion = 17.3.32825.248
MinimumVisualStudioVersion = 10.0.40219.1
Project("{9A19103F-16F7-4668-BE54-9A1E7A4F7556}") = "Cameca.CustomAnalysis.Visualization", "Cameca.CustomAnalysis.Visualization\Cameca.CustomAnalysis.Visualization.csproj", "{675F0EA8-9CBA-414B-A3ED-BC5018C353A7}"
EndProject
Project("{2150E333-8FDC-42A3-9474-1A3956D46DE8}") = "Solution Items", "Solution Items", "{97C69C85-DD16-4DDE-9C1A-C31666A12F54}"
	ProjectSection(SolutionItems) = preProject
		.editorconfig = .editorconfig
		.gitattributes = .gitattributes
		.gitignore = .gitignore
		GitVersion.yml = GitVersion.yml
		nuget.config = nuget.config
	EndProjectSection
EndProject
Project("{2150E333-8FDC-42A3-9474-1A3956D46DE8}") = ".github", ".github", "{4A092454-2476-43C2-BAC6-80438EFF32AD}"
EndProject
Project("{2150E333-8FDC-42A3-9474-1A3956D46DE8}") = "workflows", "workflows", "{43B424A8-D83C-4C1B-B1B3-9DF6457F4F84}"
	ProjectSection(SolutionItems) = preProject
		.github\workflows\develop-deployment.yml = .github\workflows\develop-deployment.yml
		.github\workflows\main-deployment.yml = .github\workflows\main-deployment.yml
		.github\workflows\release-deployment.yml = .github\workflows\release-deployment.yml
	EndProjectSection
EndProject
Global
	GlobalSection(SolutionConfigurationPlatforms) = preSolution
		Debug|x64 = Debug|x64
		Release|x64 = Release|x64
	EndGlobalSection
	GlobalSection(ProjectConfigurationPlatforms) = postSolution
		{675F0EA8-9CBA-414B-A3ED-BC5018C353A7}.Debug|x64.ActiveCfg = Debug|x64
		{675F0EA8-9CBA-414B-A3ED-BC5018C353A7}.Debug|x64.Build.0 = Debug|x64
		{675F0EA8-9CBA-414B-A3ED-BC5018C353A7}.Release|x64.ActiveCfg = Release|x64
		{675F0EA8-9CBA-414B-A3ED-BC5018C353A7}.Release|x64.Build.0 = Release|x64
	EndGlobalSection
	GlobalSection(SolutionProperties) = preSolution
		HideSolutionNode = FALSE
	EndGlobalSection
	GlobalSection(NestedProjects) = preSolution
		{4A092454-2476-43C2-BAC6-80438EFF32AD} = {97C69C85-DD16-4DDE-9C1A-C31666A12F54}
		{43B424A8-D83C-4C1B-B1B3-9DF6457F4F84} = {4A092454-2476-43C2-BAC6-80438EFF32AD}
	EndGlobalSection
	GlobalSection(ExtensibilityGlobals) = postSolution
		SolutionGuid = {3903F21D-7459-480E-9325-64015385CF52}
	EndGlobalSection
EndGlobal
